
Microsoft Visual Studio Solution File, Format Version 12.00
# Visual Studio Version 17
VisualStudioVersion = 17.5.33530.505
MinimumVisualStudioVersion = 10.0.40219.1
Project("{FAE04EC0-301F-11D3-BF4B-00C04F79EFBC}") = "Clinic1", "Clinic1\Clinic1.csproj", "{B7ED0691-3A66-4AAE-86CA-24C3A868C151}"
EndProject
Global
	GlobalSection(SolutionConfigurationPlatforms) = preSolution
		Debug|Any CPU = Debug|Any CPU
		Release|Any CPU = Release|Any CPU
	EndGlobalSection
	GlobalSection(ProjectConfigurationPlatforms) = postSolution
		{B7ED0691-3A66-4AAE-86CA-24C3A868C151}.Debug|Any CPU.ActiveCfg = Debug|Any CPU
		{B7ED0691-3A66-4AAE-86CA-24C3A868C151}.Debug|Any CPU.Build.0 = Debug|Any CPU
		{B7ED0691-3A66-4AAE-86CA-24C3A868C151}.Release|Any CPU.ActiveCfg = Release|Any CPU
		{B7ED0691-3A66-4AAE-86CA-24C3A868C151}.Release|Any CPU.Build.0 = Release|Any CPU
	EndGlobalSection
	GlobalSection(SolutionProperties) = preSolution
		HideSolutionNode = FALSE
	EndGlobalSection
	GlobalSection(ExtensibilityGlobals) = postSolution
		SolutionGuid = {84CC03F2-BC3E-409A-803C-FF42A5352AD8}
	EndGlobalSection
EndGlobal
